
Microsoft Visual Studio Solution File, Format Version 12.00
# Visual Studio 14
VisualStudioVersion = 14.0.23107.0
MinimumVisualStudioVersion = 10.0.40219.1
Project("{FAE04EC0-301F-11D3-BF4B-00C04F79EFBC}") = "AgarBot", "AgarBot.io\AgarBot.csproj", "{18910858-E20F-4DEA-B830-37FA14694C8F}"
EndProject
Project("{FAE04EC0-301F-11D3-BF4B-00C04F79EFBC}") = "SampleClient", "SampleClient\SampleClient.csproj", "{A420D835-13F1-4856-B58C-5F6977154FD9}"
EndProject
Global
	GlobalSection(SolutionConfigurationPlatforms) = preSolution
		Debug|Any CPU = Debug|Any CPU
		Release|Any CPU = Release|Any CPU
	EndGlobalSection
	GlobalSection(ProjectConfigurationPlatforms) = postSolution
		{18910858-E20F-4DEA-B830-37FA14694C8F}.Debug|Any CPU.ActiveCfg = Debug|Any CPU
		{18910858-E20F-4DEA-B830-37FA14694C8F}.Debug|Any CPU.Build.0 = Debug|Any CPU
		{18910858-E20F-4DEA-B830-37FA14694C8F}.Release|Any CPU.ActiveCfg = Release|Any CPU
		{18910858-E20F-4DEA-B830-37FA14694C8F}.Release|Any CPU.Build.0 = Release|Any CPU
		{A420D835-13F1-4856-B58C-5F6977154FD9}.Debug|Any CPU.ActiveCfg = Debug|Any CPU
		{A420D835-13F1-4856-B58C-5F6977154FD9}.Debug|Any CPU.Build.0 = Debug|Any CPU
		{A420D835-13F1-4856-B58C-5F6977154FD9}.Release|Any CPU.ActiveCfg = Release|Any CPU
		{A420D835-13F1-4856-B58C-5F6977154FD9}.Release|Any CPU.Build.0 = Release|Any CPU
	EndGlobalSection
	GlobalSection(SolutionProperties) = preSolution
		HideSolutionNode = FALSE
	EndGlobalSection
EndGlobal
